// !$*UTF8*$!
{
	archiveVersion = 1;
	classes = {
	};
	objectVersion = 46;
	objects = {

/* Begin PBXBuildFile section */
		082AFBC41DDF00E00041FDF0 /* websites.txt in Resources */ = {isa = PBXBuildFile; fileRef = 082AFBC31DDF00E00041FDF0 /* websites.txt */; };
		08736ABA1DD9F124002074F7 /* AppDelegate.swift in Sources */ = {isa = PBXBuildFile; fileRef = 08736AB91DD9F124002074F7 /* AppDelegate.swift */; };
		08736ABC1DD9F124002074F7 /* ViewController.swift in Sources */ = {isa = PBXBuildFile; fileRef = 08736ABB1DD9F124002074F7 /* ViewController.swift */; };
		08736ABF1DD9F124002074F7 /* Main.storyboard in Resources */ = {isa = PBXBuildFile; fileRef = 08736ABD1DD9F124002074F7 /* Main.storyboard */; };
		08736AC11DD9F124002074F7 /* Assets.xcassets in Resources */ = {isa = PBXBuildFile; fileRef = 08736AC01DD9F124002074F7 /* Assets.xcassets */; };
		08736AC41DD9F124002074F7 /* LaunchScreen.storyboard in Resources */ = {isa = PBXBuildFile; fileRef = 08736AC21DD9F124002074F7 /* LaunchScreen.storyboard */; };
		08736ACC1DDDDA1D002074F7 /* TableViewController.swift in Sources */ = {isa = PBXBuildFile; fileRef = 08736ACB1DDDDA1D002074F7 /* TableViewController.swift */; };
/* End PBXBuildFile section */

/* Begin PBXFileReference section */
		082AFBC31DDF00E00041FDF0 /* websites.txt */ = {isa = PBXFileReference; fileEncoding = 4; lastKnownFileType = text; path = websites.txt; sourceTree = "<group>"; };
		08736AB61DD9F124002074F7 /* EasyBrowser.app */ = {isa = PBXFileReference; explicitFileType = wrapper.application; includeInIndex = 0; path = EasyBrowser.app; sourceTree = BUILT_PRODUCTS_DIR; };
		08736AB91DD9F124002074F7 /* AppDelegate.swift */ = {isa = PBXFileReference; lastKnownFileType = sourcecode.swift; path = AppDelegate.swift; sourceTree = "<group>"; };
		08736ABB1DD9F124002074F7 /* ViewController.swift */ = {isa = PBXFileReference; lastKnownFileType = sourcecode.swift; path = ViewController.swift; sourceTree = "<group>"; };
		08736ABE1DD9F124002074F7 /* Base */ = {isa = PBXFileReference; lastKnownFileType = file.storyboard; name = Base; path = Base.lproj/Main.storyboard; sourceTree = "<group>"; };
		08736AC01DD9F124002074F7 /* Assets.xcassets */ = {isa = PBXFileReference; lastKnownFileType = folder.assetcatalog; path = Assets.xcassets; sourceTree = "<group>"; };
		08736AC31DD9F124002074F7 /* Base */ = {isa = PBXFileReference; lastKnownFileType = file.storyboard; name = Base; path = Base.lproj/LaunchScreen.storyboard; sourceTree = "<group>"; };
		08736AC51DD9F124002074F7 /* Info.plist */ = {isa = PBXFileReference; lastKnownFileType = text.plist.xml; path = Info.plist; sourceTree = "<group>"; };
		08736ACB1DDDDA1D002074F7 /* TableViewController.swift */ = {isa = PBXFileReference; fileEncoding = 4; lastKnownFileType = sourcecode.swift; path = TableViewController.swift; sourceTree = "<group>"; };
/* End PBXFileReference section */

/* Begin PBXFrameworksBuildPhase section */
		08736AB31DD9F124002074F7 /* Frameworks */ = {
			isa = PBXFrameworksBuildPhase;
			buildActionMask = 2147483647;
			files = (
			);
			runOnlyForDeploymentPostprocessing = 0;
		};
/* End PBXFrameworksBuildPhase section */

/* Begin PBXGroup section */
		08736AAD1DD9F124002074F7 = {
			isa = PBXGroup;
			children = (
				08736AB81DD9F124002074F7 /* EasyBrowser */,
				08736AB71DD9F124002074F7 /* Products */,
			);
			sourceTree = "<group>";
		};
		08736AB71DD9F124002074F7 /* Products */ = {
			isa = PBXGroup;
			children = (
				08736AB61DD9F124002074F7 /* EasyBrowser.app */,
			);
			name = Products;
			sourceTree = "<group>";
		};
		08736AB81DD9F124002074F7 /* EasyBrowser */ = {
			isa = PBXGroup;
			children = (
				08736AB91DD9F124002074F7 /* AppDelegate.swift */,
				08736ACB1DDDDA1D002074F7 /* TableViewController.swift */,
				08736ABB1DD9F124002074F7 /* ViewController.swift */,
				08736ABD1DD9F124002074F7 /* Main.storyboard */,
				08736AC01DD9F124002074F7 /* Assets.xcassets */,
				08736AC21DD9F124002074F7 /* LaunchScreen.storyboard */,
				08736AC51DD9F124002074F7 /* Info.plist */,
				082AFBC31DDF00E00041FDF0 /* websites.txt */,
			);
			path = EasyBrowser;
			sourceTree = "<group>";
		};
/* End PBXGroup section */

/* Begin PBXNativeTarget section */
		08736AB51DD9F124002074F7 /* EasyBrowser */ = {
			isa = PBXNativeTarget;
			buildConfigurationList = 08736AC81DD9F124002074F7 /* Build configuration list for PBXNativeTarget "EasyBrowser" */;
			buildPhases = (
				08736AB21DD9F124002074F7 /* Sources */,
				08736AB31DD9F124002074F7 /* Frameworks */,
				08736AB41DD9F124002074F7 /* Resources */,
			);
			buildRules = (
			);
			dependencies = (
			);
			name = EasyBrowser;
			productName = EasyBrowser;
			productReference = 08736AB61DD9F124002074F7 /* EasyBrowser.app */;
			productType = "com.apple.product-type.application";
		};
/* End PBXNativeTarget section */

/* Begin PBXProject section */
		08736AAE1DD9F124002074F7 /* Project object */ = {
			isa = PBXProject;
			attributes = {
				LastSwiftUpdateCheck = 0810;
				LastUpgradeCheck = 0810;
				ORGANIZATIONNAME = "Денис Трясунов";
				TargetAttributes = {
					08736AB51DD9F124002074F7 = {
						CreatedOnToolsVersion = 8.1;
						DevelopmentTeam = Y7QY22UYMJ;
						ProvisioningStyle = Automatic;
					};
				};
			};
			buildConfigurationList = 08736AB11DD9F124002074F7 /* Build configuration list for PBXProject "EasyBrowser" */;
			compatibilityVersion = "Xcode 3.2";
			developmentRegion = English;
			hasScannedForEncodings = 0;
			knownRegions = (
				en,
				Base,
			);
			mainGroup = 08736AAD1DD9F124002074F7;
			productRefGroup = 08736AB71DD9F124002074F7 /* Products */;
			projectDirPath = "";
			projectRoot = "";
			targets = (
				08736AB51DD9F124002074F7 /* EasyBrowser */,
			);
		};
/* End PBXProject section */

/* Begin PBXResourcesBuildPhase section */
		08736AB41DD9F124002074F7 /* Resources */ = {
			isa = PBXResourcesBuildPhase;
			buildActionMask = 2147483647;
			files = (
				082AFBC41DDF00E00041FDF0 /* websites.txt in Resources */,
				08736AC41DD9F124002074F7 /* LaunchScreen.storyboard in Resources */,
				08736AC11DD9F124002074F7 /* Assets.xcassets in Resources */,
				08736ABF1DD9F124002074F7 /* Main.storyboard in Resources */,
			);
			runOnlyForDeploymentPostprocessing = 0;
		};
/* End PBXResourcesBuildPhase section */

/* Begin PBXSourcesBuildPhase section */
		08736AB21DD9F124002074F7 /* Sources */ = {
			isa = PBXSourcesBuildPhase;
			buildActionMask = 2147483647;
			files = (
				08736ABC1DD9F124002074F7 /* ViewController.swift in Sources */,
				08736ACC1DDDDA1D002074F7 /* TableViewController.swift in Sources */,
				08736ABA1DD9F124002074F7 /* AppDelegate.swift in Sources */,
			);
			runOnlyForDeploymentPostprocessing = 0;
		};
/* End PBXSourcesBuildPhase section */

/* Begin PBXVariantGroup section */
		08736ABD1DD9F124002074F7 /* Main.storyboard */ = {
			isa = PBXVariantGroup;
			children = (
				08736ABE1DD9F124002074F7 /* Base */,
			);
			name = Main.storyboard;
			sourceTree = "<group>";
		};
		08736AC21DD9F124002074F7 /* LaunchScreen.storyboard */ = {
			isa = PBXVariantGroup;
			children = (
				08736AC31DD9F124002074F7 /* Base */,
			);
			name = LaunchScreen.storyboard;
			sourceTree = "<group>";
		};
/* End PBXVariantGroup section */

/* Begin XCBuildConfiguration section */
		08736AC61DD9F124002074F7 /* Debug */ = {
			isa = XCBuildConfiguration;
			buildSettings = {
				ALWAYS_SEARCH_USER_PATHS = NO;
				CLANG_ANALYZER_NONNULL = YES;
				CLANG_CXX_LANGUAGE_STANDARD = "gnu++0x";
				CLANG_CXX_LIBRARY = "libc++";
				CLANG_ENABLE_MODULES = YES;
				CLANG_ENABLE_OBJC_ARC = YES;
				CLANG_WARN_BOOL_CONVERSION = YES;
				CLANG_WARN_CONSTANT_CONVERSION = YES;
				CLANG_WARN_DIRECT_OBJC_ISA_USAGE = YES_ERROR;
				CLANG_WARN_DOCUMENTATION_COMMENTS = YES;
				CLANG_WARN_EMPTY_BODY = YES;
				CLANG_WARN_ENUM_CONVERSION = YES;
				CLANG_WARN_INFINITE_RECURSION = YES;
				CLANG_WARN_INT_CONVERSION = YES;
				CLANG_WARN_OBJC_ROOT_CLASS = YES_ERROR;
				CLANG_WARN_SUSPICIOUS_MOVES = YES;
				CLANG_WARN_UNREACHABLE_CODE = YES;
				CLANG_WARN__DUPLICATE_METHOD_MATCH = YES;
				"CODE_SIGN_IDENTITY[sdk=iphoneos*]" = "iPhone Developer";
				COPY_PHASE_STRIP = NO;
				DEBUG_INFORMATION_FORMAT = dwarf;
				ENABLE_STRICT_OBJC_MSGSEND = YES;
				ENABLE_TESTABILITY = YES;
				GCC_C_LANGUAGE_STANDARD = gnu99;
				GCC_DYNAMIC_NO_PIC = NO;
				GCC_NO_COMMON_BLOCKS = YES;
				GCC_OPTIMIZATION_LEVEL = 0;
				GCC_PREPROCESSOR_DEFINITIONS = (
					"DEBUG=1",
					"$(inherited)",
				);
				GCC_WARN_64_TO_32_BIT_CONVERSION = YES;
				GCC_WARN_ABOUT_RETURN_TYPE = YES_ERROR;
				GCC_WARN_UNDECLARED_SELECTOR = YES;
				GCC_WARN_UNINITIALIZED_AUTOS = YES_AGGRESSIVE;
				GCC_WARN_UNUSED_FUNCTION = YES;
				GCC_WARN_UNUSED_VARIABLE = YES;
				IPHONEOS_DEPLOYMENT_TARGET = 10.1;
				MTL_ENABLE_DEBUG_INFO = YES;
				ONLY_ACTIVE_ARCH = YES;
				SDKROOT = iphoneos;
				SWIFT_ACTIVE_COMPILATION_CONDITIONS = DEBUG;
				SWIFT_OPTIMIZATION_LEVEL = "-Onone";
			};
			name = Debug;
		};
		08736AC71DD9F124002074F7 /* Release */ = {
			isa = XCBuildConfiguration;
			buildSettings = {
				ALWAYS_SEARCH_USER_PATHS = NO;
				CLANG_ANALYZER_NONNULL = YES;
				CLANG_CXX_LANGUAGE_STANDARD = "gnu++0x";
				CLANG_CXX_LIBRARY = "libc++";
				CLANG_ENABLE_MODULES = YES;
				CLANG_ENABLE_OBJC_ARC = YES;
				CLANG_WARN_BOOL_CONVERSION = YES;
				CLANG_WARN_CONSTANT_CONVERSION = YES;
				CLANG_WARN_DIRECT_OBJC_ISA_USAGE = YES_ERROR;
				CLANG_WARN_DOCUMENTATION_COMMENTS = YES;
				CLANG_WARN_EMPTY_BODY = YES;
				CLANG_WARN_ENUM_CONVERSION = YES;
				CLANG_WARN_INFINITE_RECURSION = YES;
				CLANG_WARN_INT_CONVERSION = YES;
				CLANG_WARN_OBJC_ROOT_CLASS = YES_ERROR;
				CLANG_WARN_SUSPICIOUS_MOVES = YES;
				CLANG_WARN_UNREACHABLE_CODE = YES;
				CLANG_WARN__DUPLICATE_METHOD_MATCH = YES;
				"CODE_SIGN_IDENTITY[sdk=iphoneos*]" = "iPhone Developer";
				COPY_PHASE_STRIP = NO;
				DEBUG_INFORMATION_FORMAT = "dwarf-with-dsym";
				ENABLE_NS_ASSERTIONS = NO;
				ENABLE_STRICT_OBJC_MSGSEND = YES;
				GCC_C_LANGUAGE_STANDARD = gnu99;
				GCC_NO_COMMON_BLOCKS = YES;
				GCC_WARN_64_TO_32_BIT_CONVERSION = YES;
				GCC_WARN_ABOUT_RETURN_TYPE = YES_ERROR;
				GCC_WARN_UNDECLARED_SELECTOR = YES;
				GCC_WARN_UNINITIALIZED_AUTOS = YES_AGGRESSIVE;
				GCC_WARN_UNUSED_FUNCTION = YES;
				GCC_WARN_UNUSED_VARIABLE = YES;
				IPHONEOS_DEPLOYMENT_TARGET = 10.1;
				MTL_ENABLE_DEBUG_INFO = NO;
				SDKROOT = iphoneos;
				SWIFT_OPTIMIZATION_LEVEL = "-Owholemodule";
				VALIDATE_PRODUCT = YES;
			};
			name = Release;
		};
		08736AC91DD9F124002074F7 /* Debug */ = {
			isa = XCBuildConfiguration;
			buildSettings = {
				ASSETCATALOG_COMPILER_APPICON_NAME = AppIcon;
				DEVELOPMENT_TEAM = Y7QY22UYMJ;
				INFOPLIST_FILE = EasyBrowser/Info.plist;
				LD_RUNPATH_SEARCH_PATHS = "$(inherited) @executable_path/Frameworks";
				PRODUCT_BUNDLE_IDENTIFIER = com.dendden.EasyBrowser;
				PRODUCT_NAME = "$(TARGET_NAME)";
				SWIFT_VERSION = 3.0;
			};
			name = Debug;
		};
		08736ACA1DD9F124002074F7 /* Release */ = {
			isa = XCBuildConfiguration;
			buildSettings = {
				ASSETCATALOG_COMPILER_APPICON_NAME = AppIcon;
				DEVELOPMENT_TEAM = Y7QY22UYMJ;
				INFOPLIST_FILE = EasyBrowser/Info.plist;
				LD_RUNPATH_SEARCH_PATHS = "$(inherited) @executable_path/Frameworks";
				PRODUCT_BUNDLE_IDENTIFIER = com.dendden.EasyBrowser;
				PRODUCT_NAME = "$(TARGET_NAME)";
				SWIFT_VERSION = 3.0;
			};
			name = Release;
		};
/* End XCBuildConfiguration section */

/* Begin XCConfigurationList section */
		08736AB11DD9F124002074F7 /* Build configuration list for PBXProject "EasyBrowser" */ = {
			isa = XCConfigurationList;
			buildConfigurations = (
				08736AC61DD9F124002074F7 /* Debug */,
				08736AC71DD9F124002074F7 /* Release */,
			);
			defaultConfigurationIsVisible = 0;
			defaultConfigurationName = Release;
		};
		08736AC81DD9F124002074F7 /* Build configuration list for PBXNativeTarget "EasyBrowser" */ = {
			isa = XCConfigurationList;
			buildConfigurations = (
				08736AC91DD9F124002074F7 /* Debug */,
				08736ACA1DD9F124002074F7 /* Release */,
			);
			defaultConfigurationIsVisible = 0;
			defaultConfigurationName = Release;
		};
/* End XCConfigurationList section */
	};
	rootObject = 08736AAE1DD9F124002074F7 /* Project object */;
}
